{
  "originHash" : "0dd226bb7c39b20f09bdc8cede207f522e37d50aa61892e6e1122b6e602e3343",
  "pins" : [
    {
      "identity" : "geminikit-api",
      "kind" : "remoteSourceControl",
      "location" : "https://github.com/workingDog/GeminiKit-API",
      "state" : {
        "branch" : "main",
        "revision" : "4f4710e1b4a116039376f2be1ef54613713114b3"
      }
    },
    {
      "identity" : "networkimage",
      "kind" : "remoteSourceControl",
      "location" : "https://github.com/gonzalezreal/NetworkImage",
      "state" : {
        "revision" : "2849f5323265386e200484b0d0f896e73c3411b9",
        "version" : "6.0.1"
      }
    },
    {
      "identity" : "swift-cmark",
      "kind" : "remoteSourceControl",
      "location" : "https://github.com/swiftlang/swift-cmark",
      "state" : {
        "revision" : "5d9bdaa4228b381639fff09403e39a04926e2dbe",
        "version" : "0.7.1"
      }
    },
    {
      "identity" : "swift-markdown-ui",
      "kind" : "remoteSourceControl",
      "location" : "https://github.com/gonzalezreal/swift-markdown-ui",
      "state" : {
        "revision" : "5f613358148239d0292c0cef674a3c2314737f9e",
        "version" : "2.4.1"
      }
    }
  ],
  "version" : 3
}
