{
  "originHash" : "a54ca9fe6f97c252fbc5e0fd6ff74c67aa6bbafabed9d983e6a393bc6d28e63d",
  "pins" : [
    {
      "identity" : "generative-ai-swift",
      "kind" : "remoteSourceControl",
      "location" : "https://github.com/google/generative-ai-swift",
      "state" : {
        "branch" : "main",
        "revision" : "54784005b57c2235a7669e0c12e8dafa68f0ca5f"
      }
    },
    {
      "identity" : "networkimage",
      "kind" : "remoteSourceControl",
      "location" : "https://github.com/gonzalezreal/NetworkImage",
      "state" : {
        "revision" : "7aff8d1b31148d32c5933d75557d42f6323ee3d1",
        "version" : "6.0.0"
      }
    },
    {
      "identity" : "swift-markdown-ui",
      "kind" : "remoteSourceControl",
      "location" : "https://github.com/electricsidecar-dev/swift-markdown-ui.git",
      "state" : {
        "branch" : "recursive",
        "revision" : "f0d1b7fe722e6eda41db2e56f75529956ffa42fa"
      }
    }
  ],
  "version" : 3
}
